# This file was autogenerated by Stack.
# You should not edit this file by hand.
# For more information, please see the documentation at:
#   https://docs.haskellstack.org/en/stable/lock_files

packages:
- completed:
    hackage: xmobar-0.33@sha256:94044fed8ff6c032720e731b8dc1ab987a55f741058a0d1cf798597fcd641fff,11451
    pantry-tree:
      size: 6194
      sha256: 73caec1013ae89e7e2d5243c1c77fde7e1e0b998864c8cc3adf31f157872ff3c
  original:
    hackage: xmobar-0.33@sha256:94044fed8ff6c032720e731b8dc1ab987a55f741058a0d1cf798597fcd641fff,11451
- completed:
    hackage: netlink-1.1.1.0@sha256:d83424b5ba9921191449e4b1f53c7cba7f4375f2c55a9b737c77e982e1f40d00,3689
    pantry-tree:
      size: 1598
      sha256: 42a57a2db0d8b44e04a04905ed56994b7293d2f244595bf3e65480c36d114ac3
  original:
    hackage: netlink-1.1.1.0@sha256:d83424b5ba9921191449e4b1f53c7cba7f4375f2c55a9b737c77e982e1f40d00,3689
- completed:
    name: xmonad-contrib
    version: '0.16'
    git: git@github.com:xmonad/xmonad-contrib.git
    pantry-tree:
      size: 21141
      sha256: 02345145d5a058de0236891f332c911d4c63041840a390b2c8049d0418d7c2ee
    commit: f271d59c345ed9fbd3ec02de98f69990b57fbdba
  original:
    git: git@github.com:xmonad/xmonad-contrib.git
    commit: f271d59c345ed9fbd3ec02de98f69990b57fbdba
snapshots:
- completed:
    size: 494635
    url: https://raw.githubusercontent.com/commercialhaskell/stackage-snapshots/master/lts/15/12.yaml
    sha256: a71c4293d8f461f455ff0d9815dfe4ab2f1adacd7e0bbc9a218f46ced8c4929a
  original: lts-15.12
